
Microsoft Visual Studio Solution File, Format Version 9.00
# Visual Studio 2005
Project("{8BC9CEB8-8B4A-11D0-8D11-00A0C91BC942}") = "FCC", "FCC\FCC.vcproj", "{529286B7-B089-4463-AF40-79C93B475ADB}"
EndProject
Project("{54435603-DBB4-11D2-8724-00A0C9A8B90C}") = "FCC setup", "..\FCC setup\FCC setup.vdproj", "{2A9489C2-3A29-4523-B9C4-D2766B5AB1C3}"
EndProject
Global
	GlobalSection(SolutionConfigurationPlatforms) = preSolution
		Debug|Win32 = Debug|Win32
		Release|Win32 = Release|Win32
	EndGlobalSection
	GlobalSection(ProjectConfigurationPlatforms) = postSolution
		{529286B7-B089-4463-AF40-79C93B475ADB}.Debug|Win32.ActiveCfg = Debug|Win32
		{529286B7-B089-4463-AF40-79C93B475ADB}.Debug|Win32.Build.0 = Debug|Win32
		{529286B7-B089-4463-AF40-79C93B475ADB}.Release|Win32.ActiveCfg = Release|Win32
		{529286B7-B089-4463-AF40-79C93B475ADB}.Release|Win32.Build.0 = Release|Win32
		{2A9489C2-3A29-4523-B9C4-D2766B5AB1C3}.Debug|Win32.ActiveCfg = Debug
		{2A9489C2-3A29-4523-B9C4-D2766B5AB1C3}.Release|Win32.ActiveCfg = Release
	EndGlobalSection
	GlobalSection(SolutionProperties) = preSolution
		HideSolutionNode = FALSE
	EndGlobalSection
EndGlobal
